{
  "name": "SetPoint",
  "lockfileVersion": 3,
  "requires": true,
  "packages": {
    "": {
      "dependencies": {
        "fastify-multipart": "^5.4.0",
        "jwt-decode": "^4.0.0"
      }
    },
    "node_modules/@fastify/busboy": {
      "version": "1.2.1",
      "resolved": "https://registry.npmjs.org/@fastify/busboy/-/busboy-1.2.1.tgz",
      "integrity": "sha512-7PQA7EH43S0CxcOa9OeAnaeA0oQ+e/DHNPZwSQM9CQHW76jle5+OvLdibRp/Aafs9KXbLhxyjOTkRjWUbQEd3Q==",
      "dependencies": {
        "text-decoding": "^1.0.0"
      },
      "engines": {
        "node": ">=14"
      }
    },
    "node_modules/deepmerge": {
      "version": "4.3.1",
      "resolved": "https://registry.npmjs.org/deepmerge/-/deepmerge-4.3.1.tgz",
      "integrity": "sha512-3sUqbMEc77XqpdNO7FRyRog+eW3ph+GYCbj+rK+uYyRMuwsVy0rMiVtPn+QJlKFvWP/1PYpapqYn0Me2knFn+A==",
      "engines": {
        "node": ">=0.10.0"
      }
    },
    "node_modules/end-of-stream": {
      "version": "1.4.4",
      "resolved": "https://registry.npmjs.org/end-of-stream/-/end-of-stream-1.4.4.tgz",
      "integrity": "sha512-+uw1inIHVPQoaVuHzRyXd21icM+cnt4CzD5rW+NC1wjOUSTOs+Te7FOv7AhN7vS9x/oIyhLP5PR1H+phQAHu5Q==",
      "dependencies": {
        "once": "^1.4.0"
      }
    },
    "node_modules/fastify-error": {
      "version": "0.3.1",
      "resolved": "https://registry.npmjs.org/fastify-error/-/fastify-error-0.3.1.tgz",
      "integrity": "sha512-oCfpcsDndgnDVgiI7bwFKAun2dO+4h84vBlkWsWnz/OUK9Reff5UFoFl241xTiLeHWX/vU9zkDVXqYUxjOwHcQ=="
    },
    "node_modules/fastify-multipart": {
      "version": "5.4.0",
      "resolved": "https://registry.npmjs.org/fastify-multipart/-/fastify-multipart-5.4.0.tgz",
      "integrity": "sha512-Pafy4mtcuFUnFM/t0kgCdL854KIEoDymNVdv4nD7uBfV7lBCQq/NVEuNnaNXAbuCTpeXzYRzi50lSDa9ZM838A==",
      "deprecated": "Please use @fastify/multipart@6.0.0 instead",
      "dependencies": {
        "fastify-multipart-deprecated": "npm:fastify-multipart@5.3.1",
        "process-warning": "^1.0.0"
      }
    },
    "node_modules/fastify-multipart-deprecated": {
      "name": "fastify-multipart",
      "version": "5.3.1",
      "resolved": "https://registry.npmjs.org/fastify-multipart/-/fastify-multipart-5.3.1.tgz",
      "integrity": "sha512-c2pnGfkJmiNpYqzFYT2QfBg/06AxG531O+n1elqc8YUbWPRzufdqn3yfGAIV3RA7J4Vnf7Pfvgx0iaWqaRTOVA==",
      "dependencies": {
        "@fastify/busboy": "^1.0.0",
        "deepmerge": "^4.2.2",
        "end-of-stream": "^1.4.4",
        "fastify-error": "^0.3.0",
        "fastify-plugin": "^3.0.0",
        "hexoid": "^1.0.0",
        "secure-json-parse": "^2.4.0",
        "stream-wormhole": "^1.1.0"
      }
    },
    "node_modules/fastify-plugin": {
      "version": "3.0.1",
      "resolved": "https://registry.npmjs.org/fastify-plugin/-/fastify-plugin-3.0.1.tgz",
      "integrity": "sha512-qKcDXmuZadJqdTm6vlCqioEbyewF60b/0LOFCcYN1B6BIZGlYJumWWOYs70SFYLDAH4YqdE1cxH/RKMG7rFxgA=="
    },
    "node_modules/hexoid": {
      "version": "1.0.0",
      "resolved": "https://registry.npmjs.org/hexoid/-/hexoid-1.0.0.tgz",
      "integrity": "sha512-QFLV0taWQOZtvIRIAdBChesmogZrtuXvVWsFHZTk2SU+anspqZ2vMnoLg7IE1+Uk16N19APic1BuF8bC8c2m5g==",
      "engines": {
        "node": ">=8"
      }
    },
    "node_modules/jwt-decode": {
      "version": "4.0.0",
      "resolved": "https://registry.npmjs.org/jwt-decode/-/jwt-decode-4.0.0.tgz",
      "integrity": "sha512-+KJGIyHgkGuIq3IEBNftfhW/LfWhXUIY6OmyVWjliu5KH1y0fw7VQ8YndE2O4qZdMSd9SqbnC8GOcZEy0Om7sA==",
      "engines": {
        "node": ">=18"
      }
    },
    "node_modules/once": {
      "version": "1.4.0",
      "resolved": "https://registry.npmjs.org/once/-/once-1.4.0.tgz",
      "integrity": "sha512-lNaJgI+2Q5URQBkccEKHTQOPaXdUxnZZElQTZY0MFUAuaEqe1E+Nyvgdz/aIyNi6Z9MzO5dv1H8n58/GELp3+w==",
      "dependencies": {
        "wrappy": "1"
      }
    },
    "node_modules/process-warning": {
      "version": "1.0.0",
      "resolved": "https://registry.npmjs.org/process-warning/-/process-warning-1.0.0.tgz",
      "integrity": "sha512-du4wfLyj4yCZq1VupnVSZmRsPJsNuxoDQFdCFHLaYiEbFBD7QE0a+I4D7hOxrVnh78QE/YipFAj9lXHiXocV+Q=="
    },
    "node_modules/secure-json-parse": {
      "version": "2.7.0",
      "resolved": "https://registry.npmjs.org/secure-json-parse/-/secure-json-parse-2.7.0.tgz",
      "integrity": "sha512-6aU+Rwsezw7VR8/nyvKTx8QpWH9FrcYiXXlqC4z5d5XQBDRqtbfsRjnwGyqbi3gddNtWHuEk9OANUotL26qKUw=="
    },
    "node_modules/stream-wormhole": {
      "version": "1.1.0",
      "resolved": "https://registry.npmjs.org/stream-wormhole/-/stream-wormhole-1.1.0.tgz",
      "integrity": "sha512-gHFfL3px0Kctd6Po0M8TzEvt3De/xu6cnRrjlfYNhwbhLPLwigI2t1nc6jrzNuaYg5C4YF78PPFuQPzRiqn9ew==",
      "engines": {
        "node": ">=4.0.0"
      }
    },
    "node_modules/text-decoding": {
      "version": "1.0.0",
      "resolved": "https://registry.npmjs.org/text-decoding/-/text-decoding-1.0.0.tgz",
      "integrity": "sha512-/0TJD42KDnVwKmDK6jj3xP7E2MG7SHAOG4tyTgyUCRPdHwvkquYNLEQltmdMa3owq3TkddCVcTsoctJI8VQNKA=="
    },
    "node_modules/wrappy": {
      "version": "1.0.2",
      "resolved": "https://registry.npmjs.org/wrappy/-/wrappy-1.0.2.tgz",
      "integrity": "sha512-l4Sp/DRseor9wL6EvV2+TuQn63dMkPjZ/sp9XkghTEbV9KlPS1xUsZ3u7/IQO4wxtcFB4bgpQPRcR3QCvezPcQ=="
    }
  }
}
